
Microsoft Visual Studio Solution File, Format Version 12.00
# Visual Studio 15
VisualStudioVersion = 15.0.28307.902
MinimumVisualStudioVersion = 10.0.40219.1
Project("{FAE04EC0-301F-11D3-BF4B-00C04F79EFBC}") = "villageStories", "villageStories\villageStories.csproj", "{289C3E4B-345A-4A98-97D5-66918AB87D75}"
EndProject
Global
	GlobalSection(SolutionConfigurationPlatforms) = preSolution
		Debug|Any CPU = Debug|Any CPU
		Release|Any CPU = Release|Any CPU
	EndGlobalSection
	GlobalSection(ProjectConfigurationPlatforms) = postSolution
		{289C3E4B-345A-4A98-97D5-66918AB87D75}.Debug|Any CPU.ActiveCfg = Debug|Any CPU
		{289C3E4B-345A-4A98-97D5-66918AB87D75}.Debug|Any CPU.Build.0 = Debug|Any CPU
		{289C3E4B-345A-4A98-97D5-66918AB87D75}.Release|Any CPU.ActiveCfg = Release|Any CPU
		{289C3E4B-345A-4A98-97D5-66918AB87D75}.Release|Any CPU.Build.0 = Release|Any CPU
	EndGlobalSection
	GlobalSection(SolutionProperties) = preSolution
		HideSolutionNode = FALSE
	EndGlobalSection
	GlobalSection(ExtensibilityGlobals) = postSolution
		SolutionGuid = {2EF90452-FC5B-455E-B77D-A9F7FFEE8407}
	EndGlobalSection
EndGlobal
